// !$*UTF8*$!
{
	archiveVersion = 1;
	classes = {
	};
	objectVersion = 50;
	objects = {

/* Begin PBXBuildFile section */
		660DF208248178FD007F663A /* AppDelegate.swift in Sources */ = {isa = PBXBuildFile; fileRef = 660DF207248178FD007F663A /* AppDelegate.swift */; };
		660DF20A248178FD007F663A /* SceneDelegate.swift in Sources */ = {isa = PBXBuildFile; fileRef = 660DF209248178FD007F663A /* SceneDelegate.swift */; };
		660DF20C248178FD007F663A /* ViewController.swift in Sources */ = {isa = PBXBuildFile; fileRef = 660DF20B248178FD007F663A /* ViewController.swift */; };
		660DF212248178FD007F663A /* intro_pages.xcdatamodeld in Sources */ = {isa = PBXBuildFile; fileRef = 660DF210248178FD007F663A /* intro_pages.xcdatamodeld */; };
		660DF214248178FF007F663A /* Assets.xcassets in Resources */ = {isa = PBXBuildFile; fileRef = 660DF213248178FF007F663A /* Assets.xcassets */; };
		660DF217248178FF007F663A /* LaunchScreen.storyboard in Resources */ = {isa = PBXBuildFile; fileRef = 660DF215248178FF007F663A /* LaunchScreen.storyboard */; };
		66E9832224928F0800EF7DC6 /* welcome.jpg in Resources */ = {isa = PBXBuildFile; fileRef = 66E9832124928F0700EF7DC6 /* welcome.jpg */; };
/* End PBXBuildFile section */

/* Begin PBXFileReference section */
		660DF204248178FD007F663A /* intro-pages.app */ = {isa = PBXFileReference; explicitFileType = wrapper.application; includeInIndex = 0; path = "intro-pages.app"; sourceTree = BUILT_PRODUCTS_DIR; };
		660DF207248178FD007F663A /* AppDelegate.swift */ = {isa = PBXFileReference; lastKnownFileType = sourcecode.swift; path = AppDelegate.swift; sourceTree = "<group>"; };
		660DF209248178FD007F663A /* SceneDelegate.swift */ = {isa = PBXFileReference; lastKnownFileType = sourcecode.swift; path = SceneDelegate.swift; sourceTree = "<group>"; };
		660DF20B248178FD007F663A /* ViewController.swift */ = {isa = PBXFileReference; lastKnownFileType = sourcecode.swift; path = ViewController.swift; sourceTree = "<group>"; };
		660DF211248178FD007F663A /* intro_pages.xcdatamodel */ = {isa = PBXFileReference; lastKnownFileType = wrapper.xcdatamodel; path = intro_pages.xcdatamodel; sourceTree = "<group>"; };
		660DF213248178FF007F663A /* Assets.xcassets */ = {isa = PBXFileReference; lastKnownFileType = folder.assetcatalog; path = Assets.xcassets; sourceTree = "<group>"; };
		660DF216248178FF007F663A /* Base */ = {isa = PBXFileReference; lastKnownFileType = file.storyboard; name = Base; path = Base.lproj/LaunchScreen.storyboard; sourceTree = "<group>"; };
		660DF218248178FF007F663A /* Info.plist */ = {isa = PBXFileReference; lastKnownFileType = text.plist.xml; path = Info.plist; sourceTree = "<group>"; };
		66E9832124928F0700EF7DC6 /* welcome.jpg */ = {isa = PBXFileReference; lastKnownFileType = image.jpeg; name = welcome.jpg; path = ../../../Downloads/welcome.jpg; sourceTree = "<group>"; };
		66E983232492A61100EF7DC6 /* welcome.jpg */ = {isa = PBXFileReference; lastKnownFileType = image.jpeg; path = welcome.jpg; sourceTree = "<group>"; };
/* End PBXFileReference section */

/* Begin PBXFrameworksBuildPhase section */
		660DF201248178FD007F663A /* Frameworks */ = {
			isa = PBXFrameworksBuildPhase;
			buildActionMask = 2147483647;
			files = (
			);
			runOnlyForDeploymentPostprocessing = 0;
		};
/* End PBXFrameworksBuildPhase section */

/* Begin PBXGroup section */
		660DF1FB248178FD007F663A = {
			isa = PBXGroup;
			children = (
				660DF206248178FD007F663A /* intro-pages */,
				660DF205248178FD007F663A /* Products */,
				66E9832124928F0700EF7DC6 /* welcome.jpg */,
			);
			sourceTree = "<group>";
		};
		660DF205248178FD007F663A /* Products */ = {
			isa = PBXGroup;
			children = (
				660DF204248178FD007F663A /* intro-pages.app */,
			);
			name = Products;
			sourceTree = "<group>";
		};
		660DF206248178FD007F663A /* intro-pages */ = {
			isa = PBXGroup;
			children = (
				660DF207248178FD007F663A /* AppDelegate.swift */,
				660DF209248178FD007F663A /* SceneDelegate.swift */,
				660DF20B248178FD007F663A /* ViewController.swift */,
				66E983232492A61100EF7DC6 /* welcome.jpg */,
				660DF213248178FF007F663A /* Assets.xcassets */,
				660DF215248178FF007F663A /* LaunchScreen.storyboard */,
				660DF218248178FF007F663A /* Info.plist */,
				660DF210248178FD007F663A /* intro_pages.xcdatamodeld */,
			);
			path = "intro-pages";
			sourceTree = "<group>";
		};
/* End PBXGroup section */

/* Begin PBXNativeTarget section */
		660DF203248178FD007F663A /* intro-pages */ = {
			isa = PBXNativeTarget;
			buildConfigurationList = 660DF21B248178FF007F663A /* Build configuration list for PBXNativeTarget "intro-pages" */;
			buildPhases = (
				660DF200248178FD007F663A /* Sources */,
				660DF201248178FD007F663A /* Frameworks */,
				660DF202248178FD007F663A /* Resources */,
			);
			buildRules = (
			);
			dependencies = (
			);
			name = "intro-pages";
			productName = "intro-pages";
			productReference = 660DF204248178FD007F663A /* intro-pages.app */;
			productType = "com.apple.product-type.application";
		};
/* End PBXNativeTarget section */

/* Begin PBXProject section */
		660DF1FC248178FD007F663A /* Project object */ = {
			isa = PBXProject;
			attributes = {
				LastSwiftUpdateCheck = 1150;
				LastUpgradeCheck = 1150;
				ORGANIZATIONNAME = "Techcrus Labs";
				TargetAttributes = {
					660DF203248178FD007F663A = {
						CreatedOnToolsVersion = 11.5;
					};
				};
			};
			buildConfigurationList = 660DF1FF248178FD007F663A /* Build configuration list for PBXProject "intro-pages" */;
			compatibilityVersion = "Xcode 9.3";
			developmentRegion = en;
			hasScannedForEncodings = 0;
			knownRegions = (
				en,
				Base,
			);
			mainGroup = 660DF1FB248178FD007F663A;
			productRefGroup = 660DF205248178FD007F663A /* Products */;
			projectDirPath = "";
			projectRoot = "";
			targets = (
				660DF203248178FD007F663A /* intro-pages */,
			);
		};
/* End PBXProject section */

/* Begin PBXResourcesBuildPhase section */
		660DF202248178FD007F663A /* Resources */ = {
			isa = PBXResourcesBuildPhase;
			buildActionMask = 2147483647;
			files = (
				66E9832224928F0800EF7DC6 /* welcome.jpg in Resources */,
				660DF217248178FF007F663A /* LaunchScreen.storyboard in Resources */,
				660DF214248178FF007F663A /* Assets.xcassets in Resources */,
			);
			runOnlyForDeploymentPostprocessing = 0;
		};
/* End PBXResourcesBuildPhase section */

/* Begin PBXSourcesBuildPhase section */
		660DF200248178FD007F663A /* Sources */ = {
			isa = PBXSourcesBuildPhase;
			buildActionMask = 2147483647;
			files = (
				660DF20C248178FD007F663A /* ViewController.swift in Sources */,
				660DF208248178FD007F663A /* AppDelegate.swift in Sources */,
				660DF20A248178FD007F663A /* SceneDelegate.swift in Sources */,
				660DF212248178FD007F663A /* intro_pages.xcdatamodeld in Sources */,
			);
			runOnlyForDeploymentPostprocessing = 0;
		};
/* End PBXSourcesBuildPhase section */

/* Begin PBXVariantGroup section */
		660DF215248178FF007F663A /* LaunchScreen.storyboard */ = {
			isa = PBXVariantGroup;
			children = (
				660DF216248178FF007F663A /* Base */,
			);
			name = LaunchScreen.storyboard;
			sourceTree = "<group>";
		};
/* End PBXVariantGroup section */

/* Begin XCBuildConfiguration section */
		660DF219248178FF007F663A /* Debug */ = {
			isa = XCBuildConfiguration;
			buildSettings = {
				ALWAYS_SEARCH_USER_PATHS = NO;
				CLANG_ANALYZER_NONNULL = YES;
				CLANG_ANALYZER_NUMBER_OBJECT_CONVERSION = YES_AGGRESSIVE;
				CLANG_CXX_LANGUAGE_STANDARD = "gnu++14";
				CLANG_CXX_LIBRARY = "libc++";
				CLANG_ENABLE_MODULES = YES;
				CLANG_ENABLE_OBJC_ARC = YES;
				CLANG_ENABLE_OBJC_WEAK = YES;
				CLANG_WARN_BLOCK_CAPTURE_AUTORELEASING = YES;
				CLANG_WARN_BOOL_CONVERSION = YES;
				CLANG_WARN_COMMA = YES;
				CLANG_WARN_CONSTANT_CONVERSION = YES;
				CLANG_WARN_DEPRECATED_OBJC_IMPLEMENTATIONS = YES;
				CLANG_WARN_DIRECT_OBJC_ISA_USAGE = YES_ERROR;
				CLANG_WARN_DOCUMENTATION_COMMENTS = YES;
				CLANG_WARN_EMPTY_BODY = YES;
				CLANG_WARN_ENUM_CONVERSION = YES;
				CLANG_WARN_INFINITE_RECURSION = YES;
				CLANG_WARN_INT_CONVERSION = YES;
				CLANG_WARN_NON_LITERAL_NULL_CONVERSION = YES;
				CLANG_WARN_OBJC_IMPLICIT_RETAIN_SELF = YES;
				CLANG_WARN_OBJC_LITERAL_CONVERSION = YES;
				CLANG_WARN_OBJC_ROOT_CLASS = YES_ERROR;
				CLANG_WARN_RANGE_LOOP_ANALYSIS = YES;
				CLANG_WARN_STRICT_PROTOTYPES = YES;
				CLANG_WARN_SUSPICIOUS_MOVE = YES;
				CLANG_WARN_UNGUARDED_AVAILABILITY = YES_AGGRESSIVE;
				CLANG_WARN_UNREACHABLE_CODE = YES;
				CLANG_WARN__DUPLICATE_METHOD_MATCH = YES;
				COPY_PHASE_STRIP = NO;
				DEBUG_INFORMATION_FORMAT = dwarf;
				ENABLE_STRICT_OBJC_MSGSEND = YES;
				ENABLE_TESTABILITY = YES;
				GCC_C_LANGUAGE_STANDARD = gnu11;
				GCC_DYNAMIC_NO_PIC = NO;
				GCC_NO_COMMON_BLOCKS = YES;
				GCC_OPTIMIZATION_LEVEL = 0;
				GCC_PREPROCESSOR_DEFINITIONS = (
					"DEBUG=1",
					"$(inherited)",
				);
				GCC_WARN_64_TO_32_BIT_CONVERSION = YES;
				GCC_WARN_ABOUT_RETURN_TYPE = YES_ERROR;
				GCC_WARN_UNDECLARED_SELECTOR = YES;
				GCC_WARN_UNINITIALIZED_AUTOS = YES_AGGRESSIVE;
				GCC_WARN_UNUSED_FUNCTION = YES;
				GCC_WARN_UNUSED_VARIABLE = YES;
				IPHONEOS_DEPLOYMENT_TARGET = 13.5;
				MTL_ENABLE_DEBUG_INFO = INCLUDE_SOURCE;
				MTL_FAST_MATH = YES;
				ONLY_ACTIVE_ARCH = YES;
				SDKROOT = iphoneos;
				SWIFT_ACTIVE_COMPILATION_CONDITIONS = DEBUG;
				SWIFT_OPTIMIZATION_LEVEL = "-Onone";
			};
			name = Debug;
		};
		660DF21A248178FF007F663A /* Release */ = {
			isa = XCBuildConfiguration;
			buildSettings = {
				ALWAYS_SEARCH_USER_PATHS = NO;
				CLANG_ANALYZER_NONNULL = YES;
				CLANG_ANALYZER_NUMBER_OBJECT_CONVERSION = YES_AGGRESSIVE;
				CLANG_CXX_LANGUAGE_STANDARD = "gnu++14";
				CLANG_CXX_LIBRARY = "libc++";
				CLANG_ENABLE_MODULES = YES;
				CLANG_ENABLE_OBJC_ARC = YES;
				CLANG_ENABLE_OBJC_WEAK = YES;
				CLANG_WARN_BLOCK_CAPTURE_AUTORELEASING = YES;
				CLANG_WARN_BOOL_CONVERSION = YES;
				CLANG_WARN_COMMA = YES;
				CLANG_WARN_CONSTANT_CONVERSION = YES;
				CLANG_WARN_DEPRECATED_OBJC_IMPLEMENTATIONS = YES;
				CLANG_WARN_DIRECT_OBJC_ISA_USAGE = YES_ERROR;
				CLANG_WARN_DOCUMENTATION_COMMENTS = YES;
				CLANG_WARN_EMPTY_BODY = YES;
				CLANG_WARN_ENUM_CONVERSION = YES;
				CLANG_WARN_INFINITE_RECURSION = YES;
				CLANG_WARN_INT_CONVERSION = YES;
				CLANG_WARN_NON_LITERAL_NULL_CONVERSION = YES;
				CLANG_WARN_OBJC_IMPLICIT_RETAIN_SELF = YES;
				CLANG_WARN_OBJC_LITERAL_CONVERSION = YES;
				CLANG_WARN_OBJC_ROOT_CLASS = YES_ERROR;
				CLANG_WARN_RANGE_LOOP_ANALYSIS = YES;
				CLANG_WARN_STRICT_PROTOTYPES = YES;
				CLANG_WARN_SUSPICIOUS_MOVE = YES;
				CLANG_WARN_UNGUARDED_AVAILABILITY = YES_AGGRESSIVE;
				CLANG_WARN_UNREACHABLE_CODE = YES;
				CLANG_WARN__DUPLICATE_METHOD_MATCH = YES;
				COPY_PHASE_STRIP = NO;
				DEBUG_INFORMATION_FORMAT = "dwarf-with-dsym";
				ENABLE_NS_ASSERTIONS = NO;
				ENABLE_STRICT_OBJC_MSGSEND = YES;
				GCC_C_LANGUAGE_STANDARD = gnu11;
				GCC_NO_COMMON_BLOCKS = YES;
				GCC_WARN_64_TO_32_BIT_CONVERSION = YES;
				GCC_WARN_ABOUT_RETURN_TYPE = YES_ERROR;
				GCC_WARN_UNDECLARED_SELECTOR = YES;
				GCC_WARN_UNINITIALIZED_AUTOS = YES_AGGRESSIVE;
				GCC_WARN_UNUSED_FUNCTION = YES;
				GCC_WARN_UNUSED_VARIABLE = YES;
				IPHONEOS_DEPLOYMENT_TARGET = 13.5;
				MTL_ENABLE_DEBUG_INFO = NO;
				MTL_FAST_MATH = YES;
				SDKROOT = iphoneos;
				SWIFT_COMPILATION_MODE = wholemodule;
				SWIFT_OPTIMIZATION_LEVEL = "-O";
				VALIDATE_PRODUCT = YES;
			};
			name = Release;
		};
		660DF21C248178FF007F663A /* Debug */ = {
			isa = XCBuildConfiguration;
			buildSettings = {
				ASSETCATALOG_COMPILER_APPICON_NAME = AppIcon;
				CODE_SIGN_STYLE = Automatic;
				DEVELOPMENT_TEAM = TS9KGAL4QB;
				INFOPLIST_FILE = "intro-pages/Info.plist";
				LD_RUNPATH_SEARCH_PATHS = (
					"$(inherited)",
					"@executable_path/Frameworks",
				);
				PRODUCT_BUNDLE_IDENTIFIER = "com.joelthomson.intro-pages";
				PRODUCT_NAME = "$(TARGET_NAME)";
				SWIFT_VERSION = 5.0;
				TARGETED_DEVICE_FAMILY = "1,2";
			};
			name = Debug;
		};
		660DF21D248178FF007F663A /* Release */ = {
			isa = XCBuildConfiguration;
			buildSettings = {
				ASSETCATALOG_COMPILER_APPICON_NAME = AppIcon;
				CODE_SIGN_STYLE = Automatic;
				DEVELOPMENT_TEAM = TS9KGAL4QB;
				INFOPLIST_FILE = "intro-pages/Info.plist";
				LD_RUNPATH_SEARCH_PATHS = (
					"$(inherited)",
					"@executable_path/Frameworks",
				);
				PRODUCT_BUNDLE_IDENTIFIER = "com.joelthomson.intro-pages";
				PRODUCT_NAME = "$(TARGET_NAME)";
				SWIFT_VERSION = 5.0;
				TARGETED_DEVICE_FAMILY = "1,2";
			};
			name = Release;
		};
/* End XCBuildConfiguration section */

/* Begin XCConfigurationList section */
		660DF1FF248178FD007F663A /* Build configuration list for PBXProject "intro-pages" */ = {
			isa = XCConfigurationList;
			buildConfigurations = (
				660DF219248178FF007F663A /* Debug */,
				660DF21A248178FF007F663A /* Release */,
			);
			defaultConfigurationIsVisible = 0;
			defaultConfigurationName = Release;
		};
		660DF21B248178FF007F663A /* Build configuration list for PBXNativeTarget "intro-pages" */ = {
			isa = XCConfigurationList;
			buildConfigurations = (
				660DF21C248178FF007F663A /* Debug */,
				660DF21D248178FF007F663A /* Release */,
			);
			defaultConfigurationIsVisible = 0;
			defaultConfigurationName = Release;
		};
/* End XCConfigurationList section */

/* Begin XCVersionGroup section */
		660DF210248178FD007F663A /* intro_pages.xcdatamodeld */ = {
			isa = XCVersionGroup;
			children = (
				660DF211248178FD007F663A /* intro_pages.xcdatamodel */,
			);
			currentVersion = 660DF211248178FD007F663A /* intro_pages.xcdatamodel */;
			path = intro_pages.xcdatamodeld;
			sourceTree = "<group>";
			versionGroupType = wrapper.xcdatamodel;
		};
/* End XCVersionGroup section */
	};
	rootObject = 660DF1FC248178FD007F663A /* Project object */;
}
